
Microsoft Visual Studio Solution File, Format Version 12.00
# Visual Studio Version 17
VisualStudioVersion = 17.0.31903.59
MinimumVisualStudioVersion = 10.0.40219.1
Project("{FAE04EC0-301F-11D3-BF4B-00C04F79EFBC}") = "OrderProcessing.Domain", "OrderProcessing.Domain\OrderProcessing.Domain.csproj", "{1DA35D0B-AD57-41D1-A914-8DFDB927FEE0}"
EndProject
Project("{FAE04EC0-301F-11D3-BF4B-00C04F79EFBC}") = "OrderProcessing.Application", "OrderProcessing.Application\OrderProcessing.Application.csproj", "{27C51111-0CF3-4306-84CC-22BF7B9A304D}"
EndProject
Project("{FAE04EC0-301F-11D3-BF4B-00C04F79EFBC}") = "OrderProcessing.Infrastructure", "OrderProcessing.Infrastructure\OrderProcessing.Infrastructure.csproj", "{D0202B31-C796-4434-A36B-B88CFAFDCAF1}"
EndProject
Project("{FAE04EC0-301F-11D3-BF4B-00C04F79EFBC}") = "OrderProcessing.API", "OrderProcessing.API\OrderProcessing.API.csproj", "{02A3CFA9-5CE9-4BB8-A6C4-0E06A58DD3F5}"
EndProject
Project("{FAE04EC0-301F-11D3-BF4B-00C04F79EFBC}") = "OrderProcessing.Domain.Tests", "OrderProcessing.Domain.Tests\OrderProcessing.Domain.Tests.csproj", "{C0F87634-4D33-432A-A2D6-F283C28A4A83}"
EndProject
Project("{FAE04EC0-301F-11D3-BF4B-00C04F79EFBC}") = "OrderProcessing.Application.Tests", "OrderProcessing.Application.Tests\OrderProcessing.Application.Tests.csproj", "{B899EC25-2344-4BB2-9F4E-7147CD47FFA3}"
EndProject
Project("{FAE04EC0-301F-11D3-BF4B-00C04F79EFBC}") = "OrderProcessing.Infrastructure.Tests", "OrderProcessing.Infrastructure.Tests\OrderProcessing.Infrastructure.Tests.csproj", "{5669D1F9-4638-4CDA-974F-37671ECD64BC}"
EndProject
Project("{FAE04EC0-301F-11D3-BF4B-00C04F79EFBC}") = "OrderProcessing.API.IntegrationTests", "OrderProcessing.API.IntegrationTests\OrderProcessing.API.IntegrationTests.csproj", "{9886EECA-D4DB-4FE9-B6BF-FD437727948B}"
EndProject
Project("{2150E333-8FDC-42A3-9474-1A3956D46DE8}") = "src", "src", "{02EA681E-C7D8-13C7-8484-4AC65E1B71E8}"
EndProject
Project("{2150E333-8FDC-42A3-9474-1A3956D46DE8}") = "API", "API", "{D87353B5-BA4F-4016-B854-22E7177D6651}"
EndProject
Project("{2150E333-8FDC-42A3-9474-1A3956D46DE8}") = "Core", "Core", "{4029D69C-C833-4386-877D-9127AC762AE9}"
EndProject
Project("{2150E333-8FDC-42A3-9474-1A3956D46DE8}") = "Infrastructure", "Infrastructure", "{C57F7456-60B5-43FD-BB52-8081487360A9}"
EndProject
Project("{2150E333-8FDC-42A3-9474-1A3956D46DE8}") = "test", "test", "{5D7CEA05-7EF5-43E0-A54A-E666C03DB5C6}"
EndProject
Global
	GlobalSection(SolutionConfigurationPlatforms) = preSolution
		Debug|Any CPU = Debug|Any CPU
		Debug|x64 = Debug|x64
		Debug|x86 = Debug|x86
		Release|Any CPU = Release|Any CPU
		Release|x64 = Release|x64
		Release|x86 = Release|x86
	EndGlobalSection
	GlobalSection(ProjectConfigurationPlatforms) = postSolution
		{1DA35D0B-AD57-41D1-A914-8DFDB927FEE0}.Debug|Any CPU.ActiveCfg = Debug|Any CPU
		{1DA35D0B-AD57-41D1-A914-8DFDB927FEE0}.Debug|Any CPU.Build.0 = Debug|Any CPU
		{1DA35D0B-AD57-41D1-A914-8DFDB927FEE0}.Debug|x64.ActiveCfg = Debug|Any CPU
		{1DA35D0B-AD57-41D1-A914-8DFDB927FEE0}.Debug|x64.Build.0 = Debug|Any CPU
		{1DA35D0B-AD57-41D1-A914-8DFDB927FEE0}.Debug|x86.ActiveCfg = Debug|Any CPU
		{1DA35D0B-AD57-41D1-A914-8DFDB927FEE0}.Debug|x86.Build.0 = Debug|Any CPU
		{1DA35D0B-AD57-41D1-A914-8DFDB927FEE0}.Release|Any CPU.ActiveCfg = Release|Any CPU
		{1DA35D0B-AD57-41D1-A914-8DFDB927FEE0}.Release|Any CPU.Build.0 = Release|Any CPU
		{1DA35D0B-AD57-41D1-A914-8DFDB927FEE0}.Release|x64.ActiveCfg = Release|Any CPU
		{1DA35D0B-AD57-41D1-A914-8DFDB927FEE0}.Release|x64.Build.0 = Release|Any CPU
		{1DA35D0B-AD57-41D1-A914-8DFDB927FEE0}.Release|x86.ActiveCfg = Release|Any CPU
		{1DA35D0B-AD57-41D1-A914-8DFDB927FEE0}.Release|x86.Build.0 = Release|Any CPU
		{27C51111-0CF3-4306-84CC-22BF7B9A304D}.Debug|Any CPU.ActiveCfg = Debug|Any CPU
		{27C51111-0CF3-4306-84CC-22BF7B9A304D}.Debug|Any CPU.Build.0 = Debug|Any CPU
		{27C51111-0CF3-4306-84CC-22BF7B9A304D}.Debug|x64.ActiveCfg = Debug|Any CPU
		{27C51111-0CF3-4306-84CC-22BF7B9A304D}.Debug|x64.Build.0 = Debug|Any CPU
		{27C51111-0CF3-4306-84CC-22BF7B9A304D}.Debug|x86.ActiveCfg = Debug|Any CPU
		{27C51111-0CF3-4306-84CC-22BF7B9A304D}.Debug|x86.Build.0 = Debug|Any CPU
		{27C51111-0CF3-4306-84CC-22BF7B9A304D}.Release|Any CPU.ActiveCfg = Release|Any CPU
		{27C51111-0CF3-4306-84CC-22BF7B9A304D}.Release|Any CPU.Build.0 = Release|Any CPU
		{27C51111-0CF3-4306-84CC-22BF7B9A304D}.Release|x64.ActiveCfg = Release|Any CPU
		{27C51111-0CF3-4306-84CC-22BF7B9A304D}.Release|x64.Build.0 = Release|Any CPU
		{27C51111-0CF3-4306-84CC-22BF7B9A304D}.Release|x86.ActiveCfg = Release|Any CPU
		{27C51111-0CF3-4306-84CC-22BF7B9A304D}.Release|x86.Build.0 = Release|Any CPU
		{D0202B31-C796-4434-A36B-B88CFAFDCAF1}.Debug|Any CPU.ActiveCfg = Debug|Any CPU
		{D0202B31-C796-4434-A36B-B88CFAFDCAF1}.Debug|Any CPU.Build.0 = Debug|Any CPU
		{D0202B31-C796-4434-A36B-B88CFAFDCAF1}.Debug|x64.ActiveCfg = Debug|Any CPU
		{D0202B31-C796-4434-A36B-B88CFAFDCAF1}.Debug|x64.Build.0 = Debug|Any CPU
		{D0202B31-C796-4434-A36B-B88CFAFDCAF1}.Debug|x86.ActiveCfg = Debug|Any CPU
		{D0202B31-C796-4434-A36B-B88CFAFDCAF1}.Debug|x86.Build.0 = Debug|Any CPU
		{D0202B31-C796-4434-A36B-B88CFAFDCAF1}.Release|Any CPU.ActiveCfg = Release|Any CPU
		{D0202B31-C796-4434-A36B-B88CFAFDCAF1}.Release|Any CPU.Build.0 = Release|Any CPU
		{D0202B31-C796-4434-A36B-B88CFAFDCAF1}.Release|x64.ActiveCfg = Release|Any CPU
		{D0202B31-C796-4434-A36B-B88CFAFDCAF1}.Release|x64.Build.0 = Release|Any CPU
		{D0202B31-C796-4434-A36B-B88CFAFDCAF1}.Release|x86.ActiveCfg = Release|Any CPU
		{D0202B31-C796-4434-A36B-B88CFAFDCAF1}.Release|x86.Build.0 = Release|Any CPU
		{02A3CFA9-5CE9-4BB8-A6C4-0E06A58DD3F5}.Debug|Any CPU.ActiveCfg = Debug|Any CPU
		{02A3CFA9-5CE9-4BB8-A6C4-0E06A58DD3F5}.Debug|Any CPU.Build.0 = Debug|Any CPU
		{02A3CFA9-5CE9-4BB8-A6C4-0E06A58DD3F5}.Debug|x64.ActiveCfg = Debug|Any CPU
		{02A3CFA9-5CE9-4BB8-A6C4-0E06A58DD3F5}.Debug|x64.Build.0 = Debug|Any CPU
		{02A3CFA9-5CE9-4BB8-A6C4-0E06A58DD3F5}.Debug|x86.ActiveCfg = Debug|Any CPU
		{02A3CFA9-5CE9-4BB8-A6C4-0E06A58DD3F5}.Debug|x86.Build.0 = Debug|Any CPU
		{02A3CFA9-5CE9-4BB8-A6C4-0E06A58DD3F5}.Release|Any CPU.ActiveCfg = Release|Any CPU
		{02A3CFA9-5CE9-4BB8-A6C4-0E06A58DD3F5}.Release|Any CPU.Build.0 = Release|Any CPU
		{02A3CFA9-5CE9-4BB8-A6C4-0E06A58DD3F5}.Release|x64.ActiveCfg = Release|Any CPU
		{02A3CFA9-5CE9-4BB8-A6C4-0E06A58DD3F5}.Release|x64.Build.0 = Release|Any CPU
		{02A3CFA9-5CE9-4BB8-A6C4-0E06A58DD3F5}.Release|x86.ActiveCfg = Release|Any CPU
		{02A3CFA9-5CE9-4BB8-A6C4-0E06A58DD3F5}.Release|x86.Build.0 = Release|Any CPU
		{C0F87634-4D33-432A-A2D6-F283C28A4A83}.Debug|Any CPU.ActiveCfg = Debug|Any CPU
		{C0F87634-4D33-432A-A2D6-F283C28A4A83}.Debug|Any CPU.Build.0 = Debug|Any CPU
		{C0F87634-4D33-432A-A2D6-F283C28A4A83}.Debug|x64.ActiveCfg = Debug|Any CPU
		{C0F87634-4D33-432A-A2D6-F283C28A4A83}.Debug|x64.Build.0 = Debug|Any CPU
		{C0F87634-4D33-432A-A2D6-F283C28A4A83}.Debug|x86.ActiveCfg = Debug|Any CPU
		{C0F87634-4D33-432A-A2D6-F283C28A4A83}.Debug|x86.Build.0 = Debug|Any CPU
		{C0F87634-4D33-432A-A2D6-F283C28A4A83}.Release|Any CPU.ActiveCfg = Release|Any CPU
		{C0F87634-4D33-432A-A2D6-F283C28A4A83}.Release|Any CPU.Build.0 = Release|Any CPU
		{C0F87634-4D33-432A-A2D6-F283C28A4A83}.Release|x64.ActiveCfg = Release|Any CPU
		{C0F87634-4D33-432A-A2D6-F283C28A4A83}.Release|x64.Build.0 = Release|Any CPU
		{C0F87634-4D33-432A-A2D6-F283C28A4A83}.Release|x86.ActiveCfg = Release|Any CPU
		{C0F87634-4D33-432A-A2D6-F283C28A4A83}.Release|x86.Build.0 = Release|Any CPU
		{B899EC25-2344-4BB2-9F4E-7147CD47FFA3}.Debug|Any CPU.ActiveCfg = Debug|Any CPU
		{B899EC25-2344-4BB2-9F4E-7147CD47FFA3}.Debug|Any CPU.Build.0 = Debug|Any CPU
		{B899EC25-2344-4BB2-9F4E-7147CD47FFA3}.Debug|x64.ActiveCfg = Debug|Any CPU
		{B899EC25-2344-4BB2-9F4E-7147CD47FFA3}.Debug|x64.Build.0 = Debug|Any CPU
		{B899EC25-2344-4BB2-9F4E-7147CD47FFA3}.Debug|x86.ActiveCfg = Debug|Any CPU
		{B899EC25-2344-4BB2-9F4E-7147CD47FFA3}.Debug|x86.Build.0 = Debug|Any CPU
		{B899EC25-2344-4BB2-9F4E-7147CD47FFA3}.Release|Any CPU.ActiveCfg = Release|Any CPU
		{B899EC25-2344-4BB2-9F4E-7147CD47FFA3}.Release|Any CPU.Build.0 = Release|Any CPU
		{B899EC25-2344-4BB2-9F4E-7147CD47FFA3}.Release|x64.ActiveCfg = Release|Any CPU
		{B899EC25-2344-4BB2-9F4E-7147CD47FFA3}.Release|x64.Build.0 = Release|Any CPU
		{B899EC25-2344-4BB2-9F4E-7147CD47FFA3}.Release|x86.ActiveCfg = Release|Any CPU
		{B899EC25-2344-4BB2-9F4E-7147CD47FFA3}.Release|x86.Build.0 = Release|Any CPU
		{5669D1F9-4638-4CDA-974F-37671ECD64BC}.Debug|Any CPU.ActiveCfg = Debug|Any CPU
		{5669D1F9-4638-4CDA-974F-37671ECD64BC}.Debug|Any CPU.Build.0 = Debug|Any CPU
		{5669D1F9-4638-4CDA-974F-37671ECD64BC}.Debug|x64.ActiveCfg = Debug|Any CPU
		{5669D1F9-4638-4CDA-974F-37671ECD64BC}.Debug|x64.Build.0 = Debug|Any CPU
		{5669D1F9-4638-4CDA-974F-37671ECD64BC}.Debug|x86.ActiveCfg = Debug|Any CPU
		{5669D1F9-4638-4CDA-974F-37671ECD64BC}.Debug|x86.Build.0 = Debug|Any CPU
		{5669D1F9-4638-4CDA-974F-37671ECD64BC}.Release|Any CPU.ActiveCfg = Release|Any CPU
		{5669D1F9-4638-4CDA-974F-37671ECD64BC}.Release|Any CPU.Build.0 = Release|Any CPU
		{5669D1F9-4638-4CDA-974F-37671ECD64BC}.Release|x64.ActiveCfg = Release|Any CPU
		{5669D1F9-4638-4CDA-974F-37671ECD64BC}.Release|x64.Build.0 = Release|Any CPU
		{5669D1F9-4638-4CDA-974F-37671ECD64BC}.Release|x86.ActiveCfg = Release|Any CPU
		{5669D1F9-4638-4CDA-974F-37671ECD64BC}.Release|x86.Build.0 = Release|Any CPU
		{9886EECA-D4DB-4FE9-B6BF-FD437727948B}.Debug|Any CPU.ActiveCfg = Debug|Any CPU
		{9886EECA-D4DB-4FE9-B6BF-FD437727948B}.Debug|Any CPU.Build.0 = Debug|Any CPU
		{9886EECA-D4DB-4FE9-B6BF-FD437727948B}.Debug|x64.ActiveCfg = Debug|Any CPU
		{9886EECA-D4DB-4FE9-B6BF-FD437727948B}.Debug|x64.Build.0 = Debug|Any CPU
		{9886EECA-D4DB-4FE9-B6BF-FD437727948B}.Debug|x86.ActiveCfg = Debug|Any CPU
		{9886EECA-D4DB-4FE9-B6BF-FD437727948B}.Debug|x86.Build.0 = Debug|Any CPU
		{9886EECA-D4DB-4FE9-B6BF-FD437727948B}.Release|Any CPU.ActiveCfg = Release|Any CPU
		{9886EECA-D4DB-4FE9-B6BF-FD437727948B}.Release|Any CPU.Build.0 = Release|Any CPU
		{9886EECA-D4DB-4FE9-B6BF-FD437727948B}.Release|x64.ActiveCfg = Release|Any CPU
		{9886EECA-D4DB-4FE9-B6BF-FD437727948B}.Release|x64.Build.0 = Release|Any CPU
		{9886EECA-D4DB-4FE9-B6BF-FD437727948B}.Release|x86.ActiveCfg = Release|Any CPU
		{9886EECA-D4DB-4FE9-B6BF-FD437727948B}.Release|x86.Build.0 = Release|Any CPU
	EndGlobalSection
	GlobalSection(SolutionProperties) = preSolution
		HideSolutionNode = FALSE
	EndGlobalSection
	GlobalSection(NestedProjects) = preSolution
		{1DA35D0B-AD57-41D1-A914-8DFDB927FEE0} = {4029D69C-C833-4386-877D-9127AC762AE9}
		{27C51111-0CF3-4306-84CC-22BF7B9A304D} = {4029D69C-C833-4386-877D-9127AC762AE9}
		{D0202B31-C796-4434-A36B-B88CFAFDCAF1} = {C57F7456-60B5-43FD-BB52-8081487360A9}
		{02A3CFA9-5CE9-4BB8-A6C4-0E06A58DD3F5} = {D87353B5-BA4F-4016-B854-22E7177D6651}
		{C0F87634-4D33-432A-A2D6-F283C28A4A83} = {5D7CEA05-7EF5-43E0-A54A-E666C03DB5C6}
		{B899EC25-2344-4BB2-9F4E-7147CD47FFA3} = {5D7CEA05-7EF5-43E0-A54A-E666C03DB5C6}
		{5669D1F9-4638-4CDA-974F-37671ECD64BC} = {5D7CEA05-7EF5-43E0-A54A-E666C03DB5C6}
		{9886EECA-D4DB-4FE9-B6BF-FD437727948B} = {5D7CEA05-7EF5-43E0-A54A-E666C03DB5C6}
		{D87353B5-BA4F-4016-B854-22E7177D6651} = {02EA681E-C7D8-13C7-8484-4AC65E1B71E8}
		{4029D69C-C833-4386-877D-9127AC762AE9} = {02EA681E-C7D8-13C7-8484-4AC65E1B71E8}
		{C57F7456-60B5-43FD-BB52-8081487360A9} = {02EA681E-C7D8-13C7-8484-4AC65E1B71E8}
	EndGlobalSection
	GlobalSection(ExtensibilityGlobals) = postSolution
		SolutionGuid = {1A6DB9BA-3B20-4616-9574-BF2E21530FC7}
	EndGlobalSection
EndGlobal
